
Microsoft Visual Studio Solution File, Format Version 11.00
# Visual Studio 2010
Project("{FAE04EC0-301F-11D3-BF4B-00C04F79EFBC}") = "Teamcity.Rx", "Teamcity.Rx\Teamcity.Rx.csproj", "{3EC58DDB-9AFE-405E-B8D7-2DC64FE3D9CD}"
EndProject
Project("{FAE04EC0-301F-11D3-BF4B-00C04F79EFBC}") = "Teamcity.Rx.Specs", "Teamcity.Rx.Specs\Teamcity.Rx.Specs.csproj", "{84D63EEB-12A8-4D94-9E63-F91B3859DDA7}"
EndProject
Project("{FAE04EC0-301F-11D3-BF4B-00C04F79EFBC}") = "Teamcity.Rx.Console", "Teamcity.Rx.Console\Teamcity.Rx.Console.csproj", "{84EC39E9-F6D3-4265-A73C-3BFB66792710}"
EndProject
Global
	GlobalSection(SolutionConfigurationPlatforms) = preSolution
		Debug|Any CPU = Debug|Any CPU
		Debug|Mixed Platforms = Debug|Mixed Platforms
		Debug|x86 = Debug|x86
		Release|Any CPU = Release|Any CPU
		Release|Mixed Platforms = Release|Mixed Platforms
		Release|x86 = Release|x86
	EndGlobalSection
	GlobalSection(ProjectConfigurationPlatforms) = postSolution
		{3EC58DDB-9AFE-405E-B8D7-2DC64FE3D9CD}.Debug|Any CPU.ActiveCfg = Debug|Any CPU
		{3EC58DDB-9AFE-405E-B8D7-2DC64FE3D9CD}.Debug|Any CPU.Build.0 = Debug|Any CPU
		{3EC58DDB-9AFE-405E-B8D7-2DC64FE3D9CD}.Debug|Mixed Platforms.ActiveCfg = Debug|Any CPU
		{3EC58DDB-9AFE-405E-B8D7-2DC64FE3D9CD}.Debug|Mixed Platforms.Build.0 = Debug|Any CPU
		{3EC58DDB-9AFE-405E-B8D7-2DC64FE3D9CD}.Debug|x86.ActiveCfg = Debug|Any CPU
		{3EC58DDB-9AFE-405E-B8D7-2DC64FE3D9CD}.Release|Any CPU.ActiveCfg = Release|Any CPU
		{3EC58DDB-9AFE-405E-B8D7-2DC64FE3D9CD}.Release|Any CPU.Build.0 = Release|Any CPU
		{3EC58DDB-9AFE-405E-B8D7-2DC64FE3D9CD}.Release|Mixed Platforms.ActiveCfg = Release|Any CPU
		{3EC58DDB-9AFE-405E-B8D7-2DC64FE3D9CD}.Release|Mixed Platforms.Build.0 = Release|Any CPU
		{3EC58DDB-9AFE-405E-B8D7-2DC64FE3D9CD}.Release|x86.ActiveCfg = Release|Any CPU
		{84D63EEB-12A8-4D94-9E63-F91B3859DDA7}.Debug|Any CPU.ActiveCfg = Debug|Any CPU
		{84D63EEB-12A8-4D94-9E63-F91B3859DDA7}.Debug|Any CPU.Build.0 = Debug|Any CPU
		{84D63EEB-12A8-4D94-9E63-F91B3859DDA7}.Debug|Mixed Platforms.ActiveCfg = Debug|Any CPU
		{84D63EEB-12A8-4D94-9E63-F91B3859DDA7}.Debug|Mixed Platforms.Build.0 = Debug|Any CPU
		{84D63EEB-12A8-4D94-9E63-F91B3859DDA7}.Debug|x86.ActiveCfg = Debug|Any CPU
		{84D63EEB-12A8-4D94-9E63-F91B3859DDA7}.Release|Any CPU.ActiveCfg = Release|Any CPU
		{84D63EEB-12A8-4D94-9E63-F91B3859DDA7}.Release|Any CPU.Build.0 = Release|Any CPU
		{84D63EEB-12A8-4D94-9E63-F91B3859DDA7}.Release|Mixed Platforms.ActiveCfg = Release|Any CPU
		{84D63EEB-12A8-4D94-9E63-F91B3859DDA7}.Release|Mixed Platforms.Build.0 = Release|Any CPU
		{84D63EEB-12A8-4D94-9E63-F91B3859DDA7}.Release|x86.ActiveCfg = Release|Any CPU
		{84EC39E9-F6D3-4265-A73C-3BFB66792710}.Debug|Any CPU.ActiveCfg = Debug|x86
		{84EC39E9-F6D3-4265-A73C-3BFB66792710}.Debug|Mixed Platforms.ActiveCfg = Debug|x86
		{84EC39E9-F6D3-4265-A73C-3BFB66792710}.Debug|Mixed Platforms.Build.0 = Debug|x86
		{84EC39E9-F6D3-4265-A73C-3BFB66792710}.Debug|x86.ActiveCfg = Debug|x86
		{84EC39E9-F6D3-4265-A73C-3BFB66792710}.Debug|x86.Build.0 = Debug|x86
		{84EC39E9-F6D3-4265-A73C-3BFB66792710}.Release|Any CPU.ActiveCfg = Release|x86
		{84EC39E9-F6D3-4265-A73C-3BFB66792710}.Release|Mixed Platforms.ActiveCfg = Release|x86
		{84EC39E9-F6D3-4265-A73C-3BFB66792710}.Release|Mixed Platforms.Build.0 = Release|x86
		{84EC39E9-F6D3-4265-A73C-3BFB66792710}.Release|x86.ActiveCfg = Release|x86
		{84EC39E9-F6D3-4265-A73C-3BFB66792710}.Release|x86.Build.0 = Release|x86
	EndGlobalSection
	GlobalSection(SolutionProperties) = preSolution
		HideSolutionNode = FALSE
	EndGlobalSection
EndGlobal
